
Microsoft Visual Studio Solution File, Format Version 12.00
# Visual Studio Version 18
VisualStudioVersion = 18.7.11925.98
MinimumVisualStudioVersion = 10.0.40219.1
Project("{FAE04EC0-301F-11D3-BF4B-00C04F79EFBC}") = "ShopManagementSystem.Core", "ShopManagementSystem.Core\ShopManagementSystem.Core.csproj", "{8D4AD97C-23ED-853F-FFC2-8315ECEAB3EA}"
EndProject
Project("{FAE04EC0-301F-11D3-BF4B-00C04F79EFBC}") = "ShopManagementSystem.Data", "ShopManagementSystem.Data\ShopManagementSystem.Data.csproj", "{D0D2EF33-EE3A-2A38-083E-7902C29E829F}"
EndProject
Project("{FAE04EC0-301F-11D3-BF4B-00C04F79EFBC}") = "ShopManagementSystem.Web", "ShopManagementSystem.Web\ShopManagementSystem.Web.csproj", "{D7A19044-3860-1905-4556-77BE853C3869}"
EndProject
Global
	GlobalSection(SolutionConfigurationPlatforms) = preSolution
		Debug|Any CPU = Debug|Any CPU
		Release|Any CPU = Release|Any CPU
	EndGlobalSection
	GlobalSection(ProjectConfigurationPlatforms) = postSolution
		{8D4AD97C-23ED-853F-FFC2-8315ECEAB3EA}.Debug|Any CPU.ActiveCfg = Debug|Any CPU
		{8D4AD97C-23ED-853F-FFC2-8315ECEAB3EA}.Debug|Any CPU.Build.0 = Debug|Any CPU
		{8D4AD97C-23ED-853F-FFC2-8315ECEAB3EA}.Release|Any CPU.ActiveCfg = Release|Any CPU
		{8D4AD97C-23ED-853F-FFC2-8315ECEAB3EA}.Release|Any CPU.Build.0 = Release|Any CPU
		{D0D2EF33-EE3A-2A38-083E-7902C29E829F}.Debug|Any CPU.ActiveCfg = Debug|Any CPU
		{D0D2EF33-EE3A-2A38-083E-7902C29E829F}.Debug|Any CPU.Build.0 = Debug|Any CPU
		{D0D2EF33-EE3A-2A38-083E-7902C29E829F}.Release|Any CPU.ActiveCfg = Release|Any CPU
		{D0D2EF33-EE3A-2A38-083E-7902C29E829F}.Release|Any CPU.Build.0 = Release|Any CPU
		{D7A19044-3860-1905-4556-77BE853C3869}.Debug|Any CPU.ActiveCfg = Debug|Any CPU
		{D7A19044-3860-1905-4556-77BE853C3869}.Debug|Any CPU.Build.0 = Debug|Any CPU
		{D7A19044-3860-1905-4556-77BE853C3869}.Release|Any CPU.ActiveCfg = Release|Any CPU
		{D7A19044-3860-1905-4556-77BE853C3869}.Release|Any CPU.Build.0 = Release|Any CPU
	EndGlobalSection
	GlobalSection(SolutionProperties) = preSolution
		HideSolutionNode = FALSE
	EndGlobalSection
	GlobalSection(ExtensibilityGlobals) = postSolution
		SolutionGuid = {DB7671A5-0440-4A3F-ADBA-CB3E5FE15982}
	EndGlobalSection
EndGlobal
