
Microsoft Visual Studio Solution File, Format Version 12.00
# Visual Studio Version 18
VisualStudioVersion = 18.7.11925.98
MinimumVisualStudioVersion = 10.0.40219.1
Project("{FAE04EC0-301F-11D3-BF4B-00C04F79EFBC}") = "ShopManagementSystem.Api", "ShopManagementSystem.Api\ShopManagementSystem.Api.csproj", "{1A1F7DDD-5509-9661-4225-1A4D8B7A4F3F}"
EndProject
Project("{FAE04EC0-301F-11D3-BF4B-00C04F79EFBC}") = "ShopManagementSystem.Application", "ShopManagementSystem.Application\ShopManagementSystem.Application.csproj", "{94A67DFE-3973-4325-C90C-92F12A419CDF}"
EndProject
Project("{FAE04EC0-301F-11D3-BF4B-00C04F79EFBC}") = "ShopManagementSystem.Domain", "ShopManagementSystem.Domain\ShopManagementSystem.Domain.csproj", "{775636C3-1B93-EACC-C241-3D9DB5A5BA61}"
EndProject
Project("{FAE04EC0-301F-11D3-BF4B-00C04F79EFBC}") = "ShopManagementSystem.Infrastructure", "ShopManagementSystem.Infrastructure\ShopManagementSystem.Infrastructure.csproj", "{D059A58F-59D8-9CFE-3802-4C2E4EAC6842}"
EndProject
Global
	GlobalSection(SolutionConfigurationPlatforms) = preSolution
		Debug|Any CPU = Debug|Any CPU
		Release|Any CPU = Release|Any CPU
	EndGlobalSection
	GlobalSection(ProjectConfigurationPlatforms) = postSolution
		{1A1F7DDD-5509-9661-4225-1A4D8B7A4F3F}.Debug|Any CPU.ActiveCfg = Debug|Any CPU
		{1A1F7DDD-5509-9661-4225-1A4D8B7A4F3F}.Debug|Any CPU.Build.0 = Debug|Any CPU
		{1A1F7DDD-5509-9661-4225-1A4D8B7A4F3F}.Release|Any CPU.ActiveCfg = Release|Any CPU
		{1A1F7DDD-5509-9661-4225-1A4D8B7A4F3F}.Release|Any CPU.Build.0 = Release|Any CPU
		{94A67DFE-3973-4325-C90C-92F12A419CDF}.Debug|Any CPU.ActiveCfg = Debug|Any CPU
		{94A67DFE-3973-4325-C90C-92F12A419CDF}.Debug|Any CPU.Build.0 = Debug|Any CPU
		{94A67DFE-3973-4325-C90C-92F12A419CDF}.Release|Any CPU.ActiveCfg = Release|Any CPU
		{94A67DFE-3973-4325-C90C-92F12A419CDF}.Release|Any CPU.Build.0 = Release|Any CPU
		{775636C3-1B93-EACC-C241-3D9DB5A5BA61}.Debug|Any CPU.ActiveCfg = Debug|Any CPU
		{775636C3-1B93-EACC-C241-3D9DB5A5BA61}.Debug|Any CPU.Build.0 = Debug|Any CPU
		{775636C3-1B93-EACC-C241-3D9DB5A5BA61}.Release|Any CPU.ActiveCfg = Release|Any CPU
		{775636C3-1B93-EACC-C241-3D9DB5A5BA61}.Release|Any CPU.Build.0 = Release|Any CPU
		{D059A58F-59D8-9CFE-3802-4C2E4EAC6842}.Debug|Any CPU.ActiveCfg = Debug|Any CPU
		{D059A58F-59D8-9CFE-3802-4C2E4EAC6842}.Debug|Any CPU.Build.0 = Debug|Any CPU
		{D059A58F-59D8-9CFE-3802-4C2E4EAC6842}.Release|Any CPU.ActiveCfg = Release|Any CPU
		{D059A58F-59D8-9CFE-3802-4C2E4EAC6842}.Release|Any CPU.Build.0 = Release|Any CPU
	EndGlobalSection
	GlobalSection(SolutionProperties) = preSolution
		HideSolutionNode = FALSE
	EndGlobalSection
	GlobalSection(ExtensibilityGlobals) = postSolution
		SolutionGuid = {59F8790E-5F35-492F-8D7C-BEB0DCA7F3C4}
	EndGlobalSection
EndGlobal
